
Microsoft Visual Studio Solution File, Format Version 12.00
# Visual Studio Version 17
VisualStudioVersion = 17.7.34202.233
MinimumVisualStudioVersion = 10.0.40219.1
Project("{FAE04EC0-301F-11D3-BF4B-00C04F79EFBC}") = "GammaShifr", "GammaShifr.csproj", "{4D7B423C-FEBC-4647-A7A8-D9321BCAA5DC}"
EndProject
Global
	GlobalSection(SolutionConfigurationPlatforms) = preSolution
		Debug|Any CPU = Debug|Any CPU
		Release|Any CPU = Release|Any CPU
	EndGlobalSection
	GlobalSection(ProjectConfigurationPlatforms) = postSolution
		{4D7B423C-FEBC-4647-A7A8-D9321BCAA5DC}.Debug|Any CPU.ActiveCfg = Debug|Any CPU
		{4D7B423C-FEBC-4647-A7A8-D9321BCAA5DC}.Debug|Any CPU.Build.0 = Debug|Any CPU
		{4D7B423C-FEBC-4647-A7A8-D9321BCAA5DC}.Release|Any CPU.ActiveCfg = Release|Any CPU
		{4D7B423C-FEBC-4647-A7A8-D9321BCAA5DC}.Release|Any CPU.Build.0 = Release|Any CPU
	EndGlobalSection
	GlobalSection(SolutionProperties) = preSolution
		HideSolutionNode = FALSE
	EndGlobalSection
	GlobalSection(ExtensibilityGlobals) = postSolution
		SolutionGuid = {21FA8165-D232-4D8B-AFD2-B0C22980DC6F}
	EndGlobalSection
EndGlobal
